
Microsoft Visual Studio Solution File, Format Version 11.00
# Visual C++ Express 2010
Project("{8BC9CEB8-8B4A-11D0-8D11-00A0C91BC942}") = "RepracticeFlow", "RepracticeFlow\RepracticeFlow.vcxproj", "{EF2315A7-7C0E-4BBB-B40C-85B974D21398}"
EndProject
Global
	GlobalSection(SolutionConfigurationPlatforms) = preSolution
		Debug|Win32 = Debug|Win32
		Release|Win32 = Release|Win32
	EndGlobalSection
	GlobalSection(ProjectConfigurationPlatforms) = postSolution
		{EF2315A7-7C0E-4BBB-B40C-85B974D21398}.Debug|Win32.ActiveCfg = Debug|Win32
		{EF2315A7-7C0E-4BBB-B40C-85B974D21398}.Debug|Win32.Build.0 = Debug|Win32
		{EF2315A7-7C0E-4BBB-B40C-85B974D21398}.Release|Win32.ActiveCfg = Release|Win32
		{EF2315A7-7C0E-4BBB-B40C-85B974D21398}.Release|Win32.Build.0 = Release|Win32
	EndGlobalSection
	GlobalSection(SolutionProperties) = preSolution
		HideSolutionNode = FALSE
	EndGlobalSection
EndGlobal
